// !$*UTF8*$!
{
	archiveVersion = 1;
	classes = {
	};
	objectVersion = 55;
	objects = {

/* Begin PBXBuildFile section */
		944F3FE1280F416F00096DAD /* AppDelegate.swift in Sources */ = {isa = PBXBuildFile; fileRef = 944F3FE0280F416F00096DAD /* AppDelegate.swift */; };
		944F3FE3280F416F00096DAD /* SceneDelegate.swift in Sources */ = {isa = PBXBuildFile; fileRef = 944F3FE2280F416F00096DAD /* SceneDelegate.swift */; };
		944F3FE5280F416F00096DAD /* ViewController.swift in Sources */ = {isa = PBXBuildFile; fileRef = 944F3FE4280F416F00096DAD /* ViewController.swift */; };
		944F3FE8280F416F00096DAD /* Main.storyboard in Resources */ = {isa = PBXBuildFile; fileRef = 944F3FE6280F416F00096DAD /* Main.storyboard */; };
		944F3FEA280F417000096DAD /* Assets.xcassets in Resources */ = {isa = PBXBuildFile; fileRef = 944F3FE9280F417000096DAD /* Assets.xcassets */; };
		944F3FED280F417000096DAD /* LaunchScreen.storyboard in Resources */ = {isa = PBXBuildFile; fileRef = 944F3FEB280F417000096DAD /* LaunchScreen.storyboard */; };
		944F3FF8280F417100096DAD /* ContactListAppTests.swift in Sources */ = {isa = PBXBuildFile; fileRef = 944F3FF7280F417100096DAD /* ContactListAppTests.swift */; };
		944F4002280F417100096DAD /* ContactListAppUITests.swift in Sources */ = {isa = PBXBuildFile; fileRef = 944F4001280F417100096DAD /* ContactListAppUITests.swift */; };
		944F4004280F417100096DAD /* ContactListAppUITestsLaunchTests.swift in Sources */ = {isa = PBXBuildFile; fileRef = 944F4003280F417100096DAD /* ContactListAppUITestsLaunchTests.swift */; };
		944F4011280F437700096DAD /* GoogleService-Info.plist in Resources */ = {isa = PBXBuildFile; fileRef = 944F4010280F437700096DAD /* GoogleService-Info.plist */; };
		944F4014280F454100096DAD /* FirebaseAnalytics in Frameworks */ = {isa = PBXBuildFile; productRef = 944F4013280F454100096DAD /* FirebaseAnalytics */; };
		944F4016280F454100096DAD /* FirebaseDatabase in Frameworks */ = {isa = PBXBuildFile; productRef = 944F4015280F454100096DAD /* FirebaseDatabase */; };
/* End PBXBuildFile section */

/* Begin PBXContainerItemProxy section */
		944F3FF4280F417100096DAD /* PBXContainerItemProxy */ = {
			isa = PBXContainerItemProxy;
			containerPortal = 944F3FD5280F416F00096DAD /* Project object */;
			proxyType = 1;
			remoteGlobalIDString = 944F3FDC280F416F00096DAD;
			remoteInfo = ContactListApp;
		};
		944F3FFE280F417100096DAD /* PBXContainerItemProxy */ = {
			isa = PBXContainerItemProxy;
			containerPortal = 944F3FD5280F416F00096DAD /* Project object */;
			proxyType = 1;
			remoteGlobalIDString = 944F3FDC280F416F00096DAD;
			remoteInfo = ContactListApp;
		};
/* End PBXContainerItemProxy section */

/* Begin PBXFileReference section */
		944F3FDD280F416F00096DAD /* ContactListApp.app */ = {isa = PBXFileReference; explicitFileType = wrapper.application; includeInIndex = 0; path = ContactListApp.app; sourceTree = BUILT_PRODUCTS_DIR; };
		944F3FE0280F416F00096DAD /* AppDelegate.swift */ = {isa = PBXFileReference; lastKnownFileType = sourcecode.swift; path = AppDelegate.swift; sourceTree = "<group>"; };
		944F3FE2280F416F00096DAD /* SceneDelegate.swift */ = {isa = PBXFileReference; lastKnownFileType = sourcecode.swift; path = SceneDelegate.swift; sourceTree = "<group>"; };
		944F3FE4280F416F00096DAD /* ViewController.swift */ = {isa = PBXFileReference; lastKnownFileType = sourcecode.swift; path = ViewController.swift; sourceTree = "<group>"; };
		944F3FE7280F416F00096DAD /* Base */ = {isa = PBXFileReference; lastKnownFileType = file.storyboard; name = Base; path = Base.lproj/Main.storyboard; sourceTree = "<group>"; };
		944F3FE9280F417000096DAD /* Assets.xcassets */ = {isa = PBXFileReference; lastKnownFileType = folder.assetcatalog; path = Assets.xcassets; sourceTree = "<group>"; };
		944F3FEC280F417000096DAD /* Base */ = {isa = PBXFileReference; lastKnownFileType = file.storyboard; name = Base; path = Base.lproj/LaunchScreen.storyboard; sourceTree = "<group>"; };
		944F3FEE280F417000096DAD /* Info.plist */ = {isa = PBXFileReference; lastKnownFileType = text.plist.xml; path = Info.plist; sourceTree = "<group>"; };
		944F3FF3280F417100096DAD /* ContactListAppTests.xctest */ = {isa = PBXFileReference; explicitFileType = wrapper.cfbundle; includeInIndex = 0; path = ContactListAppTests.xctest; sourceTree = BUILT_PRODUCTS_DIR; };
		944F3FF7280F417100096DAD /* ContactListAppTests.swift */ = {isa = PBXFileReference; lastKnownFileType = sourcecode.swift; path = ContactListAppTests.swift; sourceTree = "<group>"; };
		944F3FFD280F417100096DAD /* ContactListAppUITests.xctest */ = {isa = PBXFileReference; explicitFileType = wrapper.cfbundle; includeInIndex = 0; path = ContactListAppUITests.xctest; sourceTree = BUILT_PRODUCTS_DIR; };
		944F4001280F417100096DAD /* ContactListAppUITests.swift */ = {isa = PBXFileReference; lastKnownFileType = sourcecode.swift; path = ContactListAppUITests.swift; sourceTree = "<group>"; };
		944F4003280F417100096DAD /* ContactListAppUITestsLaunchTests.swift */ = {isa = PBXFileReference; lastKnownFileType = sourcecode.swift; path = ContactListAppUITestsLaunchTests.swift; sourceTree = "<group>"; };
		944F4010280F437700096DAD /* GoogleService-Info.plist */ = {isa = PBXFileReference; fileEncoding = 4; lastKnownFileType = text.plist.xml; path = "GoogleService-Info.plist"; sourceTree = "<group>"; };
/* End PBXFileReference section */

/* Begin PBXFrameworksBuildPhase section */
		944F3FDA280F416F00096DAD /* Frameworks */ = {
			isa = PBXFrameworksBuildPhase;
			buildActionMask = 2147483647;
			files = (
				944F4016280F454100096DAD /* FirebaseDatabase in Frameworks */,
				944F4014280F454100096DAD /* FirebaseAnalytics in Frameworks */,
			);
			runOnlyForDeploymentPostprocessing = 0;
		};
		944F3FF0280F417100096DAD /* Frameworks */ = {
			isa = PBXFrameworksBuildPhase;
			buildActionMask = 2147483647;
			files = (
			);
			runOnlyForDeploymentPostprocessing = 0;
		};
		944F3FFA280F417100096DAD /* Frameworks */ = {
			isa = PBXFrameworksBuildPhase;
			buildActionMask = 2147483647;
			files = (
			);
			runOnlyForDeploymentPostprocessing = 0;
		};
/* End PBXFrameworksBuildPhase section */

/* Begin PBXGroup section */
		944F3FD4280F416F00096DAD = {
			isa = PBXGroup;
			children = (
				944F3FDF280F416F00096DAD /* ContactListApp */,
				944F3FF6280F417100096DAD /* ContactListAppTests */,
				944F4000280F417100096DAD /* ContactListAppUITests */,
				944F3FDE280F416F00096DAD /* Products */,
			);
			sourceTree = "<group>";
		};
		944F3FDE280F416F00096DAD /* Products */ = {
			isa = PBXGroup;
			children = (
				944F3FDD280F416F00096DAD /* ContactListApp.app */,
				944F3FF3280F417100096DAD /* ContactListAppTests.xctest */,
				944F3FFD280F417100096DAD /* ContactListAppUITests.xctest */,
			);
			name = Products;
			sourceTree = "<group>";
		};
		944F3FDF280F416F00096DAD /* ContactListApp */ = {
			isa = PBXGroup;
			children = (
				944F3FE0280F416F00096DAD /* AppDelegate.swift */,
				944F3FE2280F416F00096DAD /* SceneDelegate.swift */,
				944F3FE4280F416F00096DAD /* ViewController.swift */,
				944F4010280F437700096DAD /* GoogleService-Info.plist */,
				944F3FE6280F416F00096DAD /* Main.storyboard */,
				944F3FE9280F417000096DAD /* Assets.xcassets */,
				944F3FEB280F417000096DAD /* LaunchScreen.storyboard */,
				944F3FEE280F417000096DAD /* Info.plist */,
			);
			path = ContactListApp;
			sourceTree = "<group>";
		};
		944F3FF6280F417100096DAD /* ContactListAppTests */ = {
			isa = PBXGroup;
			children = (
				944F3FF7280F417100096DAD /* ContactListAppTests.swift */,
			);
			path = ContactListAppTests;
			sourceTree = "<group>";
		};
		944F4000280F417100096DAD /* ContactListAppUITests */ = {
			isa = PBXGroup;
			children = (
				944F4001280F417100096DAD /* ContactListAppUITests.swift */,
				944F4003280F417100096DAD /* ContactListAppUITestsLaunchTests.swift */,
			);
			path = ContactListAppUITests;
			sourceTree = "<group>";
		};
/* End PBXGroup section */

/* Begin PBXNativeTarget section */
		944F3FDC280F416F00096DAD /* ContactListApp */ = {
			isa = PBXNativeTarget;
			buildConfigurationList = 944F4007280F417100096DAD /* Build configuration list for PBXNativeTarget "ContactListApp" */;
			buildPhases = (
				944F3FD9280F416F00096DAD /* Sources */,
				944F3FDA280F416F00096DAD /* Frameworks */,
				944F3FDB280F416F00096DAD /* Resources */,
			);
			buildRules = (
			);
			dependencies = (
			);
			name = ContactListApp;
			packageProductDependencies = (
				944F4013280F454100096DAD /* FirebaseAnalytics */,
				944F4015280F454100096DAD /* FirebaseDatabase */,
			);
			productName = ContactListApp;
			productReference = 944F3FDD280F416F00096DAD /* ContactListApp.app */;
			productType = "com.apple.product-type.application";
		};
		944F3FF2280F417100096DAD /* ContactListAppTests */ = {
			isa = PBXNativeTarget;
			buildConfigurationList = 944F400A280F417100096DAD /* Build configuration list for PBXNativeTarget "ContactListAppTests" */;
			buildPhases = (
				944F3FEF280F417100096DAD /* Sources */,
				944F3FF0280F417100096DAD /* Frameworks */,
				944F3FF1280F417100096DAD /* Resources */,
			);
			buildRules = (
			);
			dependencies = (
				944F3FF5280F417100096DAD /* PBXTargetDependency */,
			);
			name = ContactListAppTests;
			productName = ContactListAppTests;
			productReference = 944F3FF3280F417100096DAD /* ContactListAppTests.xctest */;
			productType = "com.apple.product-type.bundle.unit-test";
		};
		944F3FFC280F417100096DAD /* ContactListAppUITests */ = {
			isa = PBXNativeTarget;
			buildConfigurationList = 944F400D280F417100096DAD /* Build configuration list for PBXNativeTarget "ContactListAppUITests" */;
			buildPhases = (
				944F3FF9280F417100096DAD /* Sources */,
				944F3FFA280F417100096DAD /* Frameworks */,
				944F3FFB280F417100096DAD /* Resources */,
			);
			buildRules = (
			);
			dependencies = (
				944F3FFF280F417100096DAD /* PBXTargetDependency */,
			);
			name = ContactListAppUITests;
			productName = ContactListAppUITests;
			productReference = 944F3FFD280F417100096DAD /* ContactListAppUITests.xctest */;
			productType = "com.apple.product-type.bundle.ui-testing";
		};
/* End PBXNativeTarget section */

/* Begin PBXProject section */
		944F3FD5280F416F00096DAD /* Project object */ = {
			isa = PBXProject;
			attributes = {
				BuildIndependentTargetsInParallel = 1;
				LastSwiftUpdateCheck = 1320;
				LastUpgradeCheck = 1320;
				TargetAttributes = {
					944F3FDC280F416F00096DAD = {
						CreatedOnToolsVersion = 13.2.1;
					};
					944F3FF2280F417100096DAD = {
						CreatedOnToolsVersion = 13.2.1;
						TestTargetID = 944F3FDC280F416F00096DAD;
					};
					944F3FFC280F417100096DAD = {
						CreatedOnToolsVersion = 13.2.1;
						TestTargetID = 944F3FDC280F416F00096DAD;
					};
				};
			};
			buildConfigurationList = 944F3FD8280F416F00096DAD /* Build configuration list for PBXProject "ContactListApp" */;
			compatibilityVersion = "Xcode 13.0";
			developmentRegion = en;
			hasScannedForEncodings = 0;
			knownRegions = (
				en,
				Base,
			);
			mainGroup = 944F3FD4280F416F00096DAD;
			packageReferences = (
				944F4012280F454100096DAD /* XCRemoteSwiftPackageReference "firebase-ios-sdk" */,
			);
			productRefGroup = 944F3FDE280F416F00096DAD /* Products */;
			projectDirPath = "";
			projectRoot = "";
			targets = (
				944F3FDC280F416F00096DAD /* ContactListApp */,
				944F3FF2280F417100096DAD /* ContactListAppTests */,
				944F3FFC280F417100096DAD /* ContactListAppUITests */,
			);
		};
/* End PBXProject section */

/* Begin PBXResourcesBuildPhase section */
		944F3FDB280F416F00096DAD /* Resources */ = {
			isa = PBXResourcesBuildPhase;
			buildActionMask = 2147483647;
			files = (
				944F3FED280F417000096DAD /* LaunchScreen.storyboard in Resources */,
				944F4011280F437700096DAD /* GoogleService-Info.plist in Resources */,
				944F3FEA280F417000096DAD /* Assets.xcassets in Resources */,
				944F3FE8280F416F00096DAD /* Main.storyboard in Resources */,
			);
			runOnlyForDeploymentPostprocessing = 0;
		};
		944F3FF1280F417100096DAD /* Resources */ = {
			isa = PBXResourcesBuildPhase;
			buildActionMask = 2147483647;
			files = (
			);
			runOnlyForDeploymentPostprocessing = 0;
		};
		944F3FFB280F417100096DAD /* Resources */ = {
			isa = PBXResourcesBuildPhase;
			buildActionMask = 2147483647;
			files = (
			);
			runOnlyForDeploymentPostprocessing = 0;
		};
/* End PBXResourcesBuildPhase section */

/* Begin PBXSourcesBuildPhase section */
		944F3FD9280F416F00096DAD /* Sources */ = {
			isa = PBXSourcesBuildPhase;
			buildActionMask = 2147483647;
			files = (
				944F3FE5280F416F00096DAD /* ViewController.swift in Sources */,
				944F3FE1280F416F00096DAD /* AppDelegate.swift in Sources */,
				944F3FE3280F416F00096DAD /* SceneDelegate.swift in Sources */,
			);
			runOnlyForDeploymentPostprocessing = 0;
		};
		944F3FEF280F417100096DAD /* Sources */ = {
			isa = PBXSourcesBuildPhase;
			buildActionMask = 2147483647;
			files = (
				944F3FF8280F417100096DAD /* ContactListAppTests.swift in Sources */,
			);
			runOnlyForDeploymentPostprocessing = 0;
		};
		944F3FF9280F417100096DAD /* Sources */ = {
			isa = PBXSourcesBuildPhase;
			buildActionMask = 2147483647;
			files = (
				944F4002280F417100096DAD /* ContactListAppUITests.swift in Sources */,
				944F4004280F417100096DAD /* ContactListAppUITestsLaunchTests.swift in Sources */,
			);
			runOnlyForDeploymentPostprocessing = 0;
		};
/* End PBXSourcesBuildPhase section */

/* Begin PBXTargetDependency section */
		944F3FF5280F417100096DAD /* PBXTargetDependency */ = {
			isa = PBXTargetDependency;
			target = 944F3FDC280F416F00096DAD /* ContactListApp */;
			targetProxy = 944F3FF4280F417100096DAD /* PBXContainerItemProxy */;
		};
		944F3FFF280F417100096DAD /* PBXTargetDependency */ = {
			isa = PBXTargetDependency;
			target = 944F3FDC280F416F00096DAD /* ContactListApp */;
			targetProxy = 944F3FFE280F417100096DAD /* PBXContainerItemProxy */;
		};
/* End PBXTargetDependency section */

/* Begin PBXVariantGroup section */
		944F3FE6280F416F00096DAD /* Main.storyboard */ = {
			isa = PBXVariantGroup;
			children = (
				944F3FE7280F416F00096DAD /* Base */,
			);
			name = Main.storyboard;
			sourceTree = "<group>";
		};
		944F3FEB280F417000096DAD /* LaunchScreen.storyboard */ = {
			isa = PBXVariantGroup;
			children = (
				944F3FEC280F417000096DAD /* Base */,
			);
			name = LaunchScreen.storyboard;
			sourceTree = "<group>";
		};
/* End PBXVariantGroup section */

/* Begin XCBuildConfiguration section */
		944F4005280F417100096DAD /* Debug */ = {
			isa = XCBuildConfiguration;
			buildSettings = {
				ALWAYS_SEARCH_USER_PATHS = NO;
				CLANG_ANALYZER_NONNULL = YES;
				CLANG_ANALYZER_NUMBER_OBJECT_CONVERSION = YES_AGGRESSIVE;
				CLANG_CXX_LANGUAGE_STANDARD = "gnu++17";
				CLANG_CXX_LIBRARY = "libc++";
				CLANG_ENABLE_MODULES = YES;
				CLANG_ENABLE_OBJC_ARC = YES;
				CLANG_ENABLE_OBJC_WEAK = YES;
				CLANG_WARN_BLOCK_CAPTURE_AUTORELEASING = YES;
				CLANG_WARN_BOOL_CONVERSION = YES;
				CLANG_WARN_COMMA = YES;
				CLANG_WARN_CONSTANT_CONVERSION = YES;
				CLANG_WARN_DEPRECATED_OBJC_IMPLEMENTATIONS = YES;
				CLANG_WARN_DIRECT_OBJC_ISA_USAGE = YES_ERROR;
				CLANG_WARN_DOCUMENTATION_COMMENTS = YES;
				CLANG_WARN_EMPTY_BODY = YES;
				CLANG_WARN_ENUM_CONVERSION = YES;
				CLANG_WARN_INFINITE_RECURSION = YES;
				CLANG_WARN_INT_CONVERSION = YES;
				CLANG_WARN_NON_LITERAL_NULL_CONVERSION = YES;
				CLANG_WARN_OBJC_IMPLICIT_RETAIN_SELF = YES;
				CLANG_WARN_OBJC_LITERAL_CONVERSION = YES;
				CLANG_WARN_OBJC_ROOT_CLASS = YES_ERROR;
				CLANG_WARN_QUOTED_INCLUDE_IN_FRAMEWORK_HEADER = YES;
				CLANG_WARN_RANGE_LOOP_ANALYSIS = YES;
				CLANG_WARN_STRICT_PROTOTYPES = YES;
				CLANG_WARN_SUSPICIOUS_MOVE = YES;
				CLANG_WARN_UNGUARDED_AVAILABILITY = YES_AGGRESSIVE;
				CLANG_WARN_UNREACHABLE_CODE = YES;
				CLANG_WARN__DUPLICATE_METHOD_MATCH = YES;
				COPY_PHASE_STRIP = NO;
				DEBUG_INFORMATION_FORMAT = dwarf;
				ENABLE_STRICT_OBJC_MSGSEND = YES;
				ENABLE_TESTABILITY = YES;
				GCC_C_LANGUAGE_STANDARD = gnu11;
				GCC_DYNAMIC_NO_PIC = NO;
				GCC_NO_COMMON_BLOCKS = YES;
				GCC_OPTIMIZATION_LEVEL = 0;
				GCC_PREPROCESSOR_DEFINITIONS = (
					"DEBUG=1",
					"$(inherited)",
				);
				GCC_WARN_64_TO_32_BIT_CONVERSION = YES;
				GCC_WARN_ABOUT_RETURN_TYPE = YES_ERROR;
				GCC_WARN_UNDECLARED_SELECTOR = YES;
				GCC_WARN_UNINITIALIZED_AUTOS = YES_AGGRESSIVE;
				GCC_WARN_UNUSED_FUNCTION = YES;
				GCC_WARN_UNUSED_VARIABLE = YES;
				IPHONEOS_DEPLOYMENT_TARGET = 15.2;
				MTL_ENABLE_DEBUG_INFO = INCLUDE_SOURCE;
				MTL_FAST_MATH = YES;
				ONLY_ACTIVE_ARCH = YES;
				SDKROOT = iphoneos;
				SWIFT_ACTIVE_COMPILATION_CONDITIONS = DEBUG;
				SWIFT_OPTIMIZATION_LEVEL = "-Onone";
			};
			name = Debug;
		};
		944F4006280F417100096DAD /* Release */ = {
			isa = XCBuildConfiguration;
			buildSettings = {
				ALWAYS_SEARCH_USER_PATHS = NO;
				CLANG_ANALYZER_NONNULL = YES;
				CLANG_ANALYZER_NUMBER_OBJECT_CONVERSION = YES_AGGRESSIVE;
				CLANG_CXX_LANGUAGE_STANDARD = "gnu++17";
				CLANG_CXX_LIBRARY = "libc++";
				CLANG_ENABLE_MODULES = YES;
				CLANG_ENABLE_OBJC_ARC = YES;
				CLANG_ENABLE_OBJC_WEAK = YES;
				CLANG_WARN_BLOCK_CAPTURE_AUTORELEASING = YES;
				CLANG_WARN_BOOL_CONVERSION = YES;
				CLANG_WARN_COMMA = YES;
				CLANG_WARN_CONSTANT_CONVERSION = YES;
				CLANG_WARN_DEPRECATED_OBJC_IMPLEMENTATIONS = YES;
				CLANG_WARN_DIRECT_OBJC_ISA_USAGE = YES_ERROR;
				CLANG_WARN_DOCUMENTATION_COMMENTS = YES;
				CLANG_WARN_EMPTY_BODY = YES;
				CLANG_WARN_ENUM_CONVERSION = YES;
				CLANG_WARN_INFINITE_RECURSION = YES;
				CLANG_WARN_INT_CONVERSION = YES;
				CLANG_WARN_NON_LITERAL_NULL_CONVERSION = YES;
				CLANG_WARN_OBJC_IMPLICIT_RETAIN_SELF = YES;
				CLANG_WARN_OBJC_LITERAL_CONVERSION = YES;
				CLANG_WARN_OBJC_ROOT_CLASS = YES_ERROR;
				CLANG_WARN_QUOTED_INCLUDE_IN_FRAMEWORK_HEADER = YES;
				CLANG_WARN_RANGE_LOOP_ANALYSIS = YES;
				CLANG_WARN_STRICT_PROTOTYPES = YES;
				CLANG_WARN_SUSPICIOUS_MOVE = YES;
				CLANG_WARN_UNGUARDED_AVAILABILITY = YES_AGGRESSIVE;
				CLANG_WARN_UNREACHABLE_CODE = YES;
				CLANG_WARN__DUPLICATE_METHOD_MATCH = YES;
				COPY_PHASE_STRIP = NO;
				DEBUG_INFORMATION_FORMAT = "dwarf-with-dsym";
				ENABLE_NS_ASSERTIONS = NO;
				ENABLE_STRICT_OBJC_MSGSEND = YES;
				GCC_C_LANGUAGE_STANDARD = gnu11;
				GCC_NO_COMMON_BLOCKS = YES;
				GCC_WARN_64_TO_32_BIT_CONVERSION = YES;
				GCC_WARN_ABOUT_RETURN_TYPE = YES_ERROR;
				GCC_WARN_UNDECLARED_SELECTOR = YES;
				GCC_WARN_UNINITIALIZED_AUTOS = YES_AGGRESSIVE;
				GCC_WARN_UNUSED_FUNCTION = YES;
				GCC_WARN_UNUSED_VARIABLE = YES;
				IPHONEOS_DEPLOYMENT_TARGET = 15.2;
				MTL_ENABLE_DEBUG_INFO = NO;
				MTL_FAST_MATH = YES;
				SDKROOT = iphoneos;
				SWIFT_COMPILATION_MODE = wholemodule;
				SWIFT_OPTIMIZATION_LEVEL = "-O";
				VALIDATE_PRODUCT = YES;
			};
			name = Release;
		};
		944F4008280F417100096DAD /* Debug */ = {
			isa = XCBuildConfiguration;
			buildSettings = {
				ASSETCATALOG_COMPILER_APPICON_NAME = AppIcon;
				ASSETCATALOG_COMPILER_GLOBAL_ACCENT_COLOR_NAME = AccentColor;
				CODE_SIGN_STYLE = Automatic;
				CURRENT_PROJECT_VERSION = 1;
				GENERATE_INFOPLIST_FILE = YES;
				INFOPLIST_FILE = ContactListApp/Info.plist;
				INFOPLIST_KEY_CFBundleDisplayName = ContactListApp;
				INFOPLIST_KEY_UIApplicationSupportsIndirectInputEvents = YES;
				INFOPLIST_KEY_UILaunchStoryboardName = LaunchScreen;
				INFOPLIST_KEY_UIMainStoryboardFile = Main;
				INFOPLIST_KEY_UISupportedInterfaceOrientations_iPad = "UIInterfaceOrientationPortrait UIInterfaceOrientationPortraitUpsideDown UIInterfaceOrientationLandscapeLeft UIInterfaceOrientationLandscapeRight";
				INFOPLIST_KEY_UISupportedInterfaceOrientations_iPhone = "UIInterfaceOrientationPortrait UIInterfaceOrientationLandscapeLeft UIInterfaceOrientationLandscapeRight";
				LD_RUNPATH_SEARCH_PATHS = (
					"$(inherited)",
					"@executable_path/Frameworks",
				);
				MARKETING_VERSION = 1.0;
				PRODUCT_BUNDLE_IDENTIFIER = nwmsu.ContactListApp;
				PRODUCT_NAME = "$(TARGET_NAME)";
				SWIFT_EMIT_LOC_STRINGS = YES;
				SWIFT_VERSION = 5.0;
				TARGETED_DEVICE_FAMILY = "1,2";
			};
			name = Debug;
		};
		944F4009280F417100096DAD /* Release */ = {
			isa = XCBuildConfiguration;
			buildSettings = {
				ASSETCATALOG_COMPILER_APPICON_NAME = AppIcon;
				ASSETCATALOG_COMPILER_GLOBAL_ACCENT_COLOR_NAME = AccentColor;
				CODE_SIGN_STYLE = Automatic;
				CURRENT_PROJECT_VERSION = 1;
				GENERATE_INFOPLIST_FILE = YES;
				INFOPLIST_FILE = ContactListApp/Info.plist;
				INFOPLIST_KEY_CFBundleDisplayName = ContactListApp;
				INFOPLIST_KEY_UIApplicationSupportsIndirectInputEvents = YES;
				INFOPLIST_KEY_UILaunchStoryboardName = LaunchScreen;
				INFOPLIST_KEY_UIMainStoryboardFile = Main;
				INFOPLIST_KEY_UISupportedInterfaceOrientations_iPad = "UIInterfaceOrientationPortrait UIInterfaceOrientationPortraitUpsideDown UIInterfaceOrientationLandscapeLeft UIInterfaceOrientationLandscapeRight";
				INFOPLIST_KEY_UISupportedInterfaceOrientations_iPhone = "UIInterfaceOrientationPortrait UIInterfaceOrientationLandscapeLeft UIInterfaceOrientationLandscapeRight";
				LD_RUNPATH_SEARCH_PATHS = (
					"$(inherited)",
					"@executable_path/Frameworks",
				);
				MARKETING_VERSION = 1.0;
				PRODUCT_BUNDLE_IDENTIFIER = nwmsu.ContactListApp;
				PRODUCT_NAME = "$(TARGET_NAME)";
				SWIFT_EMIT_LOC_STRINGS = YES;
				SWIFT_VERSION = 5.0;
				TARGETED_DEVICE_FAMILY = "1,2";
			};
			name = Release;
		};
		944F400B280F417100096DAD /* Debug */ = {
			isa = XCBuildConfiguration;
			buildSettings = {
				ALWAYS_EMBED_SWIFT_STANDARD_LIBRARIES = YES;
				BUNDLE_LOADER = "$(TEST_HOST)";
				CODE_SIGN_STYLE = Automatic;
				CURRENT_PROJECT_VERSION = 1;
				GENERATE_INFOPLIST_FILE = YES;
				IPHONEOS_DEPLOYMENT_TARGET = 15.2;
				MARKETING_VERSION = 1.0;
				PRODUCT_BUNDLE_IDENTIFIER = nwmsu.ContactListAppTests;
				PRODUCT_NAME = "$(TARGET_NAME)";
				SWIFT_EMIT_LOC_STRINGS = NO;
				SWIFT_VERSION = 5.0;
				TARGETED_DEVICE_FAMILY = "1,2";
				TEST_HOST = "$(BUILT_PRODUCTS_DIR)/ContactListApp.app/ContactListApp";
			};
			name = Debug;
		};
		944F400C280F417100096DAD /* Release */ = {
			isa = XCBuildConfiguration;
			buildSettings = {
				ALWAYS_EMBED_SWIFT_STANDARD_LIBRARIES = YES;
				BUNDLE_LOADER = "$(TEST_HOST)";
				CODE_SIGN_STYLE = Automatic;
				CURRENT_PROJECT_VERSION = 1;
				GENERATE_INFOPLIST_FILE = YES;
				IPHONEOS_DEPLOYMENT_TARGET = 15.2;
				MARKETING_VERSION = 1.0;
				PRODUCT_BUNDLE_IDENTIFIER = nwmsu.ContactListAppTests;
				PRODUCT_NAME = "$(TARGET_NAME)";
				SWIFT_EMIT_LOC_STRINGS = NO;
				SWIFT_VERSION = 5.0;
				TARGETED_DEVICE_FAMILY = "1,2";
				TEST_HOST = "$(BUILT_PRODUCTS_DIR)/ContactListApp.app/ContactListApp";
			};
			name = Release;
		};
		944F400E280F417100096DAD /* Debug */ = {
			isa = XCBuildConfiguration;
			buildSettings = {
				ALWAYS_EMBED_SWIFT_STANDARD_LIBRARIES = YES;
				CODE_SIGN_STYLE = Automatic;
				CURRENT_PROJECT_VERSION = 1;
				GENERATE_INFOPLIST_FILE = YES;
				MARKETING_VERSION = 1.0;
				PRODUCT_BUNDLE_IDENTIFIER = nwmsu.ContactListAppUITests;
				PRODUCT_NAME = "$(TARGET_NAME)";
				SWIFT_EMIT_LOC_STRINGS = NO;
				SWIFT_VERSION = 5.0;
				TARGETED_DEVICE_FAMILY = "1,2";
				TEST_TARGET_NAME = ContactListApp;
			};
			name = Debug;
		};
		944F400F280F417100096DAD /* Release */ = {
			isa = XCBuildConfiguration;
			buildSettings = {
				ALWAYS_EMBED_SWIFT_STANDARD_LIBRARIES = YES;
				CODE_SIGN_STYLE = Automatic;
				CURRENT_PROJECT_VERSION = 1;
				GENERATE_INFOPLIST_FILE = YES;
				MARKETING_VERSION = 1.0;
				PRODUCT_BUNDLE_IDENTIFIER = nwmsu.ContactListAppUITests;
				PRODUCT_NAME = "$(TARGET_NAME)";
				SWIFT_EMIT_LOC_STRINGS = NO;
				SWIFT_VERSION = 5.0;
				TARGETED_DEVICE_FAMILY = "1,2";
				TEST_TARGET_NAME = ContactListApp;
			};
			name = Release;
		};
/* End XCBuildConfiguration section */

/* Begin XCConfigurationList section */
		944F3FD8280F416F00096DAD /* Build configuration list for PBXProject "ContactListApp" */ = {
			isa = XCConfigurationList;
			buildConfigurations = (
				944F4005280F417100096DAD /* Debug */,
				944F4006280F417100096DAD /* Release */,
			);
			defaultConfigurationIsVisible = 0;
			defaultConfigurationName = Release;
		};
		944F4007280F417100096DAD /* Build configuration list for PBXNativeTarget "ContactListApp" */ = {
			isa = XCConfigurationList;
			buildConfigurations = (
				944F4008280F417100096DAD /* Debug */,
				944F4009280F417100096DAD /* Release */,
			);
			defaultConfigurationIsVisible = 0;
			defaultConfigurationName = Release;
		};
		944F400A280F417100096DAD /* Build configuration list for PBXNativeTarget "ContactListAppTests" */ = {
			isa = XCConfigurationList;
			buildConfigurations = (
				944F400B280F417100096DAD /* Debug */,
				944F400C280F417100096DAD /* Release */,
			);
			defaultConfigurationIsVisible = 0;
			defaultConfigurationName = Release;
		};
		944F400D280F417100096DAD /* Build configuration list for PBXNativeTarget "ContactListAppUITests" */ = {
			isa = XCConfigurationList;
			buildConfigurations = (
				944F400E280F417100096DAD /* Debug */,
				944F400F280F417100096DAD /* Release */,
			);
			defaultConfigurationIsVisible = 0;
			defaultConfigurationName = Release;
		};
/* End XCConfigurationList section */

/* Begin XCRemoteSwiftPackageReference section */
		944F4012280F454100096DAD /* XCRemoteSwiftPackageReference "firebase-ios-sdk" */ = {
			isa = XCRemoteSwiftPackageReference;
			repositoryURL = "https://github.com/firebase/firebase-ios-sdk";
			requirement = {
				kind = upToNextMajorVersion;
				minimumVersion = 8.0.0;
			};
		};
/* End XCRemoteSwiftPackageReference section */

/* Begin XCSwiftPackageProductDependency section */
		944F4013280F454100096DAD /* FirebaseAnalytics */ = {
			isa = XCSwiftPackageProductDependency;
			package = 944F4012280F454100096DAD /* XCRemoteSwiftPackageReference "firebase-ios-sdk" */;
			productName = FirebaseAnalytics;
		};
		944F4015280F454100096DAD /* FirebaseDatabase */ = {
			isa = XCSwiftPackageProductDependency;
			package = 944F4012280F454100096DAD /* XCRemoteSwiftPackageReference "firebase-ios-sdk" */;
			productName = FirebaseDatabase;
		};
/* End XCSwiftPackageProductDependency section */
	};
	rootObject = 944F3FD5280F416F00096DAD /* Project object */;
}
