// !$*UTF8*$!
{
	archiveVersion = 1;
	classes = {
	};
	objectVersion = 55;
	objects = {

/* Begin PBXBuildFile section */
		944E11E627E3C04600479252 /* AppDelegate.swift in Sources */ = {isa = PBXBuildFile; fileRef = 944E11E527E3C04600479252 /* AppDelegate.swift */; };
		944E11E827E3C04600479252 /* SceneDelegate.swift in Sources */ = {isa = PBXBuildFile; fileRef = 944E11E727E3C04600479252 /* SceneDelegate.swift */; };
		944E11EA27E3C04600479252 /* ViewController.swift in Sources */ = {isa = PBXBuildFile; fileRef = 944E11E927E3C04600479252 /* ViewController.swift */; };
		944E11ED27E3C04600479252 /* Main.storyboard in Resources */ = {isa = PBXBuildFile; fileRef = 944E11EB27E3C04600479252 /* Main.storyboard */; };
		944E11EF27E3C04700479252 /* Assets.xcassets in Resources */ = {isa = PBXBuildFile; fileRef = 944E11EE27E3C04700479252 /* Assets.xcassets */; };
		944E11F227E3C04700479252 /* LaunchScreen.storyboard in Resources */ = {isa = PBXBuildFile; fileRef = 944E11F027E3C04700479252 /* LaunchScreen.storyboard */; };
		944E11FD27E3C04800479252 /* AnimationAppTests.swift in Sources */ = {isa = PBXBuildFile; fileRef = 944E11FC27E3C04800479252 /* AnimationAppTests.swift */; };
		944E120727E3C04800479252 /* AnimationAppUITests.swift in Sources */ = {isa = PBXBuildFile; fileRef = 944E120627E3C04800479252 /* AnimationAppUITests.swift */; };
		944E120927E3C04800479252 /* AnimationAppUITestsLaunchTests.swift in Sources */ = {isa = PBXBuildFile; fileRef = 944E120827E3C04800479252 /* AnimationAppUITestsLaunchTests.swift */; };
/* End PBXBuildFile section */

/* Begin PBXContainerItemProxy section */
		944E11F927E3C04800479252 /* PBXContainerItemProxy */ = {
			isa = PBXContainerItemProxy;
			containerPortal = 944E11DA27E3C04600479252 /* Project object */;
			proxyType = 1;
			remoteGlobalIDString = 944E11E127E3C04600479252;
			remoteInfo = AnimationApp;
		};
		944E120327E3C04800479252 /* PBXContainerItemProxy */ = {
			isa = PBXContainerItemProxy;
			containerPortal = 944E11DA27E3C04600479252 /* Project object */;
			proxyType = 1;
			remoteGlobalIDString = 944E11E127E3C04600479252;
			remoteInfo = AnimationApp;
		};
/* End PBXContainerItemProxy section */

/* Begin PBXFileReference section */
		944E11E227E3C04600479252 /* AnimationApp.app */ = {isa = PBXFileReference; explicitFileType = wrapper.application; includeInIndex = 0; path = AnimationApp.app; sourceTree = BUILT_PRODUCTS_DIR; };
		944E11E527E3C04600479252 /* AppDelegate.swift */ = {isa = PBXFileReference; lastKnownFileType = sourcecode.swift; path = AppDelegate.swift; sourceTree = "<group>"; };
		944E11E727E3C04600479252 /* SceneDelegate.swift */ = {isa = PBXFileReference; lastKnownFileType = sourcecode.swift; path = SceneDelegate.swift; sourceTree = "<group>"; };
		944E11E927E3C04600479252 /* ViewController.swift */ = {isa = PBXFileReference; lastKnownFileType = sourcecode.swift; path = ViewController.swift; sourceTree = "<group>"; };
		944E11EC27E3C04600479252 /* Base */ = {isa = PBXFileReference; lastKnownFileType = file.storyboard; name = Base; path = Base.lproj/Main.storyboard; sourceTree = "<group>"; };
		944E11EE27E3C04700479252 /* Assets.xcassets */ = {isa = PBXFileReference; lastKnownFileType = folder.assetcatalog; path = Assets.xcassets; sourceTree = "<group>"; };
		944E11F127E3C04700479252 /* Base */ = {isa = PBXFileReference; lastKnownFileType = file.storyboard; name = Base; path = Base.lproj/LaunchScreen.storyboard; sourceTree = "<group>"; };
		944E11F327E3C04700479252 /* Info.plist */ = {isa = PBXFileReference; lastKnownFileType = text.plist.xml; path = Info.plist; sourceTree = "<group>"; };
		944E11F827E3C04800479252 /* AnimationAppTests.xctest */ = {isa = PBXFileReference; explicitFileType = wrapper.cfbundle; includeInIndex = 0; path = AnimationAppTests.xctest; sourceTree = BUILT_PRODUCTS_DIR; };
		944E11FC27E3C04800479252 /* AnimationAppTests.swift */ = {isa = PBXFileReference; lastKnownFileType = sourcecode.swift; path = AnimationAppTests.swift; sourceTree = "<group>"; };
		944E120227E3C04800479252 /* AnimationAppUITests.xctest */ = {isa = PBXFileReference; explicitFileType = wrapper.cfbundle; includeInIndex = 0; path = AnimationAppUITests.xctest; sourceTree = BUILT_PRODUCTS_DIR; };
		944E120627E3C04800479252 /* AnimationAppUITests.swift */ = {isa = PBXFileReference; lastKnownFileType = sourcecode.swift; path = AnimationAppUITests.swift; sourceTree = "<group>"; };
		944E120827E3C04800479252 /* AnimationAppUITestsLaunchTests.swift */ = {isa = PBXFileReference; lastKnownFileType = sourcecode.swift; path = AnimationAppUITestsLaunchTests.swift; sourceTree = "<group>"; };
/* End PBXFileReference section */

/* Begin PBXFrameworksBuildPhase section */
		944E11DF27E3C04600479252 /* Frameworks */ = {
			isa = PBXFrameworksBuildPhase;
			buildActionMask = 2147483647;
			files = (
			);
			runOnlyForDeploymentPostprocessing = 0;
		};
		944E11F527E3C04800479252 /* Frameworks */ = {
			isa = PBXFrameworksBuildPhase;
			buildActionMask = 2147483647;
			files = (
			);
			runOnlyForDeploymentPostprocessing = 0;
		};
		944E11FF27E3C04800479252 /* Frameworks */ = {
			isa = PBXFrameworksBuildPhase;
			buildActionMask = 2147483647;
			files = (
			);
			runOnlyForDeploymentPostprocessing = 0;
		};
/* End PBXFrameworksBuildPhase section */

/* Begin PBXGroup section */
		944E11D927E3C04600479252 = {
			isa = PBXGroup;
			children = (
				944E11E427E3C04600479252 /* AnimationApp */,
				944E11FB27E3C04800479252 /* AnimationAppTests */,
				944E120527E3C04800479252 /* AnimationAppUITests */,
				944E11E327E3C04600479252 /* Products */,
			);
			sourceTree = "<group>";
		};
		944E11E327E3C04600479252 /* Products */ = {
			isa = PBXGroup;
			children = (
				944E11E227E3C04600479252 /* AnimationApp.app */,
				944E11F827E3C04800479252 /* AnimationAppTests.xctest */,
				944E120227E3C04800479252 /* AnimationAppUITests.xctest */,
			);
			name = Products;
			sourceTree = "<group>";
		};
		944E11E427E3C04600479252 /* AnimationApp */ = {
			isa = PBXGroup;
			children = (
				944E11E527E3C04600479252 /* AppDelegate.swift */,
				944E11E727E3C04600479252 /* SceneDelegate.swift */,
				944E11E927E3C04600479252 /* ViewController.swift */,
				944E11EB27E3C04600479252 /* Main.storyboard */,
				944E11EE27E3C04700479252 /* Assets.xcassets */,
				944E11F027E3C04700479252 /* LaunchScreen.storyboard */,
				944E11F327E3C04700479252 /* Info.plist */,
			);
			path = AnimationApp;
			sourceTree = "<group>";
		};
		944E11FB27E3C04800479252 /* AnimationAppTests */ = {
			isa = PBXGroup;
			children = (
				944E11FC27E3C04800479252 /* AnimationAppTests.swift */,
			);
			path = AnimationAppTests;
			sourceTree = "<group>";
		};
		944E120527E3C04800479252 /* AnimationAppUITests */ = {
			isa = PBXGroup;
			children = (
				944E120627E3C04800479252 /* AnimationAppUITests.swift */,
				944E120827E3C04800479252 /* AnimationAppUITestsLaunchTests.swift */,
			);
			path = AnimationAppUITests;
			sourceTree = "<group>";
		};
/* End PBXGroup section */

/* Begin PBXNativeTarget section */
		944E11E127E3C04600479252 /* AnimationApp */ = {
			isa = PBXNativeTarget;
			buildConfigurationList = 944E120C27E3C04800479252 /* Build configuration list for PBXNativeTarget "AnimationApp" */;
			buildPhases = (
				944E11DE27E3C04600479252 /* Sources */,
				944E11DF27E3C04600479252 /* Frameworks */,
				944E11E027E3C04600479252 /* Resources */,
			);
			buildRules = (
			);
			dependencies = (
			);
			name = AnimationApp;
			productName = AnimationApp;
			productReference = 944E11E227E3C04600479252 /* AnimationApp.app */;
			productType = "com.apple.product-type.application";
		};
		944E11F727E3C04800479252 /* AnimationAppTests */ = {
			isa = PBXNativeTarget;
			buildConfigurationList = 944E120F27E3C04800479252 /* Build configuration list for PBXNativeTarget "AnimationAppTests" */;
			buildPhases = (
				944E11F427E3C04800479252 /* Sources */,
				944E11F527E3C04800479252 /* Frameworks */,
				944E11F627E3C04800479252 /* Resources */,
			);
			buildRules = (
			);
			dependencies = (
				944E11FA27E3C04800479252 /* PBXTargetDependency */,
			);
			name = AnimationAppTests;
			productName = AnimationAppTests;
			productReference = 944E11F827E3C04800479252 /* AnimationAppTests.xctest */;
			productType = "com.apple.product-type.bundle.unit-test";
		};
		944E120127E3C04800479252 /* AnimationAppUITests */ = {
			isa = PBXNativeTarget;
			buildConfigurationList = 944E121227E3C04800479252 /* Build configuration list for PBXNativeTarget "AnimationAppUITests" */;
			buildPhases = (
				944E11FE27E3C04800479252 /* Sources */,
				944E11FF27E3C04800479252 /* Frameworks */,
				944E120027E3C04800479252 /* Resources */,
			);
			buildRules = (
			);
			dependencies = (
				944E120427E3C04800479252 /* PBXTargetDependency */,
			);
			name = AnimationAppUITests;
			productName = AnimationAppUITests;
			productReference = 944E120227E3C04800479252 /* AnimationAppUITests.xctest */;
			productType = "com.apple.product-type.bundle.ui-testing";
		};
/* End PBXNativeTarget section */

/* Begin PBXProject section */
		944E11DA27E3C04600479252 /* Project object */ = {
			isa = PBXProject;
			attributes = {
				BuildIndependentTargetsInParallel = 1;
				LastSwiftUpdateCheck = 1320;
				LastUpgradeCheck = 1320;
				TargetAttributes = {
					944E11E127E3C04600479252 = {
						CreatedOnToolsVersion = 13.2.1;
					};
					944E11F727E3C04800479252 = {
						CreatedOnToolsVersion = 13.2.1;
						TestTargetID = 944E11E127E3C04600479252;
					};
					944E120127E3C04800479252 = {
						CreatedOnToolsVersion = 13.2.1;
						TestTargetID = 944E11E127E3C04600479252;
					};
				};
			};
			buildConfigurationList = 944E11DD27E3C04600479252 /* Build configuration list for PBXProject "AnimationApp" */;
			compatibilityVersion = "Xcode 13.0";
			developmentRegion = en;
			hasScannedForEncodings = 0;
			knownRegions = (
				en,
				Base,
			);
			mainGroup = 944E11D927E3C04600479252;
			productRefGroup = 944E11E327E3C04600479252 /* Products */;
			projectDirPath = "";
			projectRoot = "";
			targets = (
				944E11E127E3C04600479252 /* AnimationApp */,
				944E11F727E3C04800479252 /* AnimationAppTests */,
				944E120127E3C04800479252 /* AnimationAppUITests */,
			);
		};
/* End PBXProject section */

/* Begin PBXResourcesBuildPhase section */
		944E11E027E3C04600479252 /* Resources */ = {
			isa = PBXResourcesBuildPhase;
			buildActionMask = 2147483647;
			files = (
				944E11F227E3C04700479252 /* LaunchScreen.storyboard in Resources */,
				944E11EF27E3C04700479252 /* Assets.xcassets in Resources */,
				944E11ED27E3C04600479252 /* Main.storyboard in Resources */,
			);
			runOnlyForDeploymentPostprocessing = 0;
		};
		944E11F627E3C04800479252 /* Resources */ = {
			isa = PBXResourcesBuildPhase;
			buildActionMask = 2147483647;
			files = (
			);
			runOnlyForDeploymentPostprocessing = 0;
		};
		944E120027E3C04800479252 /* Resources */ = {
			isa = PBXResourcesBuildPhase;
			buildActionMask = 2147483647;
			files = (
			);
			runOnlyForDeploymentPostprocessing = 0;
		};
/* End PBXResourcesBuildPhase section */

/* Begin PBXSourcesBuildPhase section */
		944E11DE27E3C04600479252 /* Sources */ = {
			isa = PBXSourcesBuildPhase;
			buildActionMask = 2147483647;
			files = (
				944E11EA27E3C04600479252 /* ViewController.swift in Sources */,
				944E11E627E3C04600479252 /* AppDelegate.swift in Sources */,
				944E11E827E3C04600479252 /* SceneDelegate.swift in Sources */,
			);
			runOnlyForDeploymentPostprocessing = 0;
		};
		944E11F427E3C04800479252 /* Sources */ = {
			isa = PBXSourcesBuildPhase;
			buildActionMask = 2147483647;
			files = (
				944E11FD27E3C04800479252 /* AnimationAppTests.swift in Sources */,
			);
			runOnlyForDeploymentPostprocessing = 0;
		};
		944E11FE27E3C04800479252 /* Sources */ = {
			isa = PBXSourcesBuildPhase;
			buildActionMask = 2147483647;
			files = (
				944E120727E3C04800479252 /* AnimationAppUITests.swift in Sources */,
				944E120927E3C04800479252 /* AnimationAppUITestsLaunchTests.swift in Sources */,
			);
			runOnlyForDeploymentPostprocessing = 0;
		};
/* End PBXSourcesBuildPhase section */

/* Begin PBXTargetDependency section */
		944E11FA27E3C04800479252 /* PBXTargetDependency */ = {
			isa = PBXTargetDependency;
			target = 944E11E127E3C04600479252 /* AnimationApp */;
			targetProxy = 944E11F927E3C04800479252 /* PBXContainerItemProxy */;
		};
		944E120427E3C04800479252 /* PBXTargetDependency */ = {
			isa = PBXTargetDependency;
			target = 944E11E127E3C04600479252 /* AnimationApp */;
			targetProxy = 944E120327E3C04800479252 /* PBXContainerItemProxy */;
		};
/* End PBXTargetDependency section */

/* Begin PBXVariantGroup section */
		944E11EB27E3C04600479252 /* Main.storyboard */ = {
			isa = PBXVariantGroup;
			children = (
				944E11EC27E3C04600479252 /* Base */,
			);
			name = Main.storyboard;
			sourceTree = "<group>";
		};
		944E11F027E3C04700479252 /* LaunchScreen.storyboard */ = {
			isa = PBXVariantGroup;
			children = (
				944E11F127E3C04700479252 /* Base */,
			);
			name = LaunchScreen.storyboard;
			sourceTree = "<group>";
		};
/* End PBXVariantGroup section */

/* Begin XCBuildConfiguration section */
		944E120A27E3C04800479252 /* Debug */ = {
			isa = XCBuildConfiguration;
			buildSettings = {
				ALWAYS_SEARCH_USER_PATHS = NO;
				CLANG_ANALYZER_NONNULL = YES;
				CLANG_ANALYZER_NUMBER_OBJECT_CONVERSION = YES_AGGRESSIVE;
				CLANG_CXX_LANGUAGE_STANDARD = "gnu++17";
				CLANG_CXX_LIBRARY = "libc++";
				CLANG_ENABLE_MODULES = YES;
				CLANG_ENABLE_OBJC_ARC = YES;
				CLANG_ENABLE_OBJC_WEAK = YES;
				CLANG_WARN_BLOCK_CAPTURE_AUTORELEASING = YES;
				CLANG_WARN_BOOL_CONVERSION = YES;
				CLANG_WARN_COMMA = YES;
				CLANG_WARN_CONSTANT_CONVERSION = YES;
				CLANG_WARN_DEPRECATED_OBJC_IMPLEMENTATIONS = YES;
				CLANG_WARN_DIRECT_OBJC_ISA_USAGE = YES_ERROR;
				CLANG_WARN_DOCUMENTATION_COMMENTS = YES;
				CLANG_WARN_EMPTY_BODY = YES;
				CLANG_WARN_ENUM_CONVERSION = YES;
				CLANG_WARN_INFINITE_RECURSION = YES;
				CLANG_WARN_INT_CONVERSION = YES;
				CLANG_WARN_NON_LITERAL_NULL_CONVERSION = YES;
				CLANG_WARN_OBJC_IMPLICIT_RETAIN_SELF = YES;
				CLANG_WARN_OBJC_LITERAL_CONVERSION = YES;
				CLANG_WARN_OBJC_ROOT_CLASS = YES_ERROR;
				CLANG_WARN_QUOTED_INCLUDE_IN_FRAMEWORK_HEADER = YES;
				CLANG_WARN_RANGE_LOOP_ANALYSIS = YES;
				CLANG_WARN_STRICT_PROTOTYPES = YES;
				CLANG_WARN_SUSPICIOUS_MOVE = YES;
				CLANG_WARN_UNGUARDED_AVAILABILITY = YES_AGGRESSIVE;
				CLANG_WARN_UNREACHABLE_CODE = YES;
				CLANG_WARN__DUPLICATE_METHOD_MATCH = YES;
				COPY_PHASE_STRIP = NO;
				DEBUG_INFORMATION_FORMAT = dwarf;
				ENABLE_STRICT_OBJC_MSGSEND = YES;
				ENABLE_TESTABILITY = YES;
				GCC_C_LANGUAGE_STANDARD = gnu11;
				GCC_DYNAMIC_NO_PIC = NO;
				GCC_NO_COMMON_BLOCKS = YES;
				GCC_OPTIMIZATION_LEVEL = 0;
				GCC_PREPROCESSOR_DEFINITIONS = (
					"DEBUG=1",
					"$(inherited)",
				);
				GCC_WARN_64_TO_32_BIT_CONVERSION = YES;
				GCC_WARN_ABOUT_RETURN_TYPE = YES_ERROR;
				GCC_WARN_UNDECLARED_SELECTOR = YES;
				GCC_WARN_UNINITIALIZED_AUTOS = YES_AGGRESSIVE;
				GCC_WARN_UNUSED_FUNCTION = YES;
				GCC_WARN_UNUSED_VARIABLE = YES;
				IPHONEOS_DEPLOYMENT_TARGET = 15.2;
				MTL_ENABLE_DEBUG_INFO = INCLUDE_SOURCE;
				MTL_FAST_MATH = YES;
				ONLY_ACTIVE_ARCH = YES;
				SDKROOT = iphoneos;
				SWIFT_ACTIVE_COMPILATION_CONDITIONS = DEBUG;
				SWIFT_OPTIMIZATION_LEVEL = "-Onone";
			};
			name = Debug;
		};
		944E120B27E3C04800479252 /* Release */ = {
			isa = XCBuildConfiguration;
			buildSettings = {
				ALWAYS_SEARCH_USER_PATHS = NO;
				CLANG_ANALYZER_NONNULL = YES;
				CLANG_ANALYZER_NUMBER_OBJECT_CONVERSION = YES_AGGRESSIVE;
				CLANG_CXX_LANGUAGE_STANDARD = "gnu++17";
				CLANG_CXX_LIBRARY = "libc++";
				CLANG_ENABLE_MODULES = YES;
				CLANG_ENABLE_OBJC_ARC = YES;
				CLANG_ENABLE_OBJC_WEAK = YES;
				CLANG_WARN_BLOCK_CAPTURE_AUTORELEASING = YES;
				CLANG_WARN_BOOL_CONVERSION = YES;
				CLANG_WARN_COMMA = YES;
				CLANG_WARN_CONSTANT_CONVERSION = YES;
				CLANG_WARN_DEPRECATED_OBJC_IMPLEMENTATIONS = YES;
				CLANG_WARN_DIRECT_OBJC_ISA_USAGE = YES_ERROR;
				CLANG_WARN_DOCUMENTATION_COMMENTS = YES;
				CLANG_WARN_EMPTY_BODY = YES;
				CLANG_WARN_ENUM_CONVERSION = YES;
				CLANG_WARN_INFINITE_RECURSION = YES;
				CLANG_WARN_INT_CONVERSION = YES;
				CLANG_WARN_NON_LITERAL_NULL_CONVERSION = YES;
				CLANG_WARN_OBJC_IMPLICIT_RETAIN_SELF = YES;
				CLANG_WARN_OBJC_LITERAL_CONVERSION = YES;
				CLANG_WARN_OBJC_ROOT_CLASS = YES_ERROR;
				CLANG_WARN_QUOTED_INCLUDE_IN_FRAMEWORK_HEADER = YES;
				CLANG_WARN_RANGE_LOOP_ANALYSIS = YES;
				CLANG_WARN_STRICT_PROTOTYPES = YES;
				CLANG_WARN_SUSPICIOUS_MOVE = YES;
				CLANG_WARN_UNGUARDED_AVAILABILITY = YES_AGGRESSIVE;
				CLANG_WARN_UNREACHABLE_CODE = YES;
				CLANG_WARN__DUPLICATE_METHOD_MATCH = YES;
				COPY_PHASE_STRIP = NO;
				DEBUG_INFORMATION_FORMAT = "dwarf-with-dsym";
				ENABLE_NS_ASSERTIONS = NO;
				ENABLE_STRICT_OBJC_MSGSEND = YES;
				GCC_C_LANGUAGE_STANDARD = gnu11;
				GCC_NO_COMMON_BLOCKS = YES;
				GCC_WARN_64_TO_32_BIT_CONVERSION = YES;
				GCC_WARN_ABOUT_RETURN_TYPE = YES_ERROR;
				GCC_WARN_UNDECLARED_SELECTOR = YES;
				GCC_WARN_UNINITIALIZED_AUTOS = YES_AGGRESSIVE;
				GCC_WARN_UNUSED_FUNCTION = YES;
				GCC_WARN_UNUSED_VARIABLE = YES;
				IPHONEOS_DEPLOYMENT_TARGET = 15.2;
				MTL_ENABLE_DEBUG_INFO = NO;
				MTL_FAST_MATH = YES;
				SDKROOT = iphoneos;
				SWIFT_COMPILATION_MODE = wholemodule;
				SWIFT_OPTIMIZATION_LEVEL = "-O";
				VALIDATE_PRODUCT = YES;
			};
			name = Release;
		};
		944E120D27E3C04800479252 /* Debug */ = {
			isa = XCBuildConfiguration;
			buildSettings = {
				ASSETCATALOG_COMPILER_APPICON_NAME = AppIcon;
				ASSETCATALOG_COMPILER_GLOBAL_ACCENT_COLOR_NAME = AccentColor;
				CODE_SIGN_STYLE = Automatic;
				CURRENT_PROJECT_VERSION = 1;
				GENERATE_INFOPLIST_FILE = YES;
				INFOPLIST_FILE = AnimationApp/Info.plist;
				INFOPLIST_KEY_CFBundleDisplayName = AnimationApp;
				INFOPLIST_KEY_UIApplicationSupportsIndirectInputEvents = YES;
				INFOPLIST_KEY_UILaunchStoryboardName = LaunchScreen;
				INFOPLIST_KEY_UIMainStoryboardFile = Main;
				INFOPLIST_KEY_UISupportedInterfaceOrientations_iPad = "UIInterfaceOrientationPortrait UIInterfaceOrientationPortraitUpsideDown UIInterfaceOrientationLandscapeLeft UIInterfaceOrientationLandscapeRight";
				INFOPLIST_KEY_UISupportedInterfaceOrientations_iPhone = "UIInterfaceOrientationPortrait UIInterfaceOrientationLandscapeLeft UIInterfaceOrientationLandscapeRight";
				LD_RUNPATH_SEARCH_PATHS = (
					"$(inherited)",
					"@executable_path/Frameworks",
				);
				MARKETING_VERSION = 1.0;
				PRODUCT_BUNDLE_IDENTIFIER = nwmsu.AnimationApp;
				PRODUCT_NAME = "$(TARGET_NAME)";
				SWIFT_EMIT_LOC_STRINGS = YES;
				SWIFT_VERSION = 5.0;
				TARGETED_DEVICE_FAMILY = "1,2";
			};
			name = Debug;
		};
		944E120E27E3C04800479252 /* Release */ = {
			isa = XCBuildConfiguration;
			buildSettings = {
				ASSETCATALOG_COMPILER_APPICON_NAME = AppIcon;
				ASSETCATALOG_COMPILER_GLOBAL_ACCENT_COLOR_NAME = AccentColor;
				CODE_SIGN_STYLE = Automatic;
				CURRENT_PROJECT_VERSION = 1;
				GENERATE_INFOPLIST_FILE = YES;
				INFOPLIST_FILE = AnimationApp/Info.plist;
				INFOPLIST_KEY_CFBundleDisplayName = AnimationApp;
				INFOPLIST_KEY_UIApplicationSupportsIndirectInputEvents = YES;
				INFOPLIST_KEY_UILaunchStoryboardName = LaunchScreen;
				INFOPLIST_KEY_UIMainStoryboardFile = Main;
				INFOPLIST_KEY_UISupportedInterfaceOrientations_iPad = "UIInterfaceOrientationPortrait UIInterfaceOrientationPortraitUpsideDown UIInterfaceOrientationLandscapeLeft UIInterfaceOrientationLandscapeRight";
				INFOPLIST_KEY_UISupportedInterfaceOrientations_iPhone = "UIInterfaceOrientationPortrait UIInterfaceOrientationLandscapeLeft UIInterfaceOrientationLandscapeRight";
				LD_RUNPATH_SEARCH_PATHS = (
					"$(inherited)",
					"@executable_path/Frameworks",
				);
				MARKETING_VERSION = 1.0;
				PRODUCT_BUNDLE_IDENTIFIER = nwmsu.AnimationApp;
				PRODUCT_NAME = "$(TARGET_NAME)";
				SWIFT_EMIT_LOC_STRINGS = YES;
				SWIFT_VERSION = 5.0;
				TARGETED_DEVICE_FAMILY = "1,2";
			};
			name = Release;
		};
		944E121027E3C04800479252 /* Debug */ = {
			isa = XCBuildConfiguration;
			buildSettings = {
				ALWAYS_EMBED_SWIFT_STANDARD_LIBRARIES = YES;
				BUNDLE_LOADER = "$(TEST_HOST)";
				CODE_SIGN_STYLE = Automatic;
				CURRENT_PROJECT_VERSION = 1;
				GENERATE_INFOPLIST_FILE = YES;
				IPHONEOS_DEPLOYMENT_TARGET = 15.2;
				MARKETING_VERSION = 1.0;
				PRODUCT_BUNDLE_IDENTIFIER = nwmsu.AnimationAppTests;
				PRODUCT_NAME = "$(TARGET_NAME)";
				SWIFT_EMIT_LOC_STRINGS = NO;
				SWIFT_VERSION = 5.0;
				TARGETED_DEVICE_FAMILY = "1,2";
				TEST_HOST = "$(BUILT_PRODUCTS_DIR)/AnimationApp.app/AnimationApp";
			};
			name = Debug;
		};
		944E121127E3C04800479252 /* Release */ = {
			isa = XCBuildConfiguration;
			buildSettings = {
				ALWAYS_EMBED_SWIFT_STANDARD_LIBRARIES = YES;
				BUNDLE_LOADER = "$(TEST_HOST)";
				CODE_SIGN_STYLE = Automatic;
				CURRENT_PROJECT_VERSION = 1;
				GENERATE_INFOPLIST_FILE = YES;
				IPHONEOS_DEPLOYMENT_TARGET = 15.2;
				MARKETING_VERSION = 1.0;
				PRODUCT_BUNDLE_IDENTIFIER = nwmsu.AnimationAppTests;
				PRODUCT_NAME = "$(TARGET_NAME)";
				SWIFT_EMIT_LOC_STRINGS = NO;
				SWIFT_VERSION = 5.0;
				TARGETED_DEVICE_FAMILY = "1,2";
				TEST_HOST = "$(BUILT_PRODUCTS_DIR)/AnimationApp.app/AnimationApp";
			};
			name = Release;
		};
		944E121327E3C04800479252 /* Debug */ = {
			isa = XCBuildConfiguration;
			buildSettings = {
				ALWAYS_EMBED_SWIFT_STANDARD_LIBRARIES = YES;
				CODE_SIGN_STYLE = Automatic;
				CURRENT_PROJECT_VERSION = 1;
				GENERATE_INFOPLIST_FILE = YES;
				MARKETING_VERSION = 1.0;
				PRODUCT_BUNDLE_IDENTIFIER = nwmsu.AnimationAppUITests;
				PRODUCT_NAME = "$(TARGET_NAME)";
				SWIFT_EMIT_LOC_STRINGS = NO;
				SWIFT_VERSION = 5.0;
				TARGETED_DEVICE_FAMILY = "1,2";
				TEST_TARGET_NAME = AnimationApp;
			};
			name = Debug;
		};
		944E121427E3C04800479252 /* Release */ = {
			isa = XCBuildConfiguration;
			buildSettings = {
				ALWAYS_EMBED_SWIFT_STANDARD_LIBRARIES = YES;
				CODE_SIGN_STYLE = Automatic;
				CURRENT_PROJECT_VERSION = 1;
				GENERATE_INFOPLIST_FILE = YES;
				MARKETING_VERSION = 1.0;
				PRODUCT_BUNDLE_IDENTIFIER = nwmsu.AnimationAppUITests;
				PRODUCT_NAME = "$(TARGET_NAME)";
				SWIFT_EMIT_LOC_STRINGS = NO;
				SWIFT_VERSION = 5.0;
				TARGETED_DEVICE_FAMILY = "1,2";
				TEST_TARGET_NAME = AnimationApp;
			};
			name = Release;
		};
/* End XCBuildConfiguration section */

/* Begin XCConfigurationList section */
		944E11DD27E3C04600479252 /* Build configuration list for PBXProject "AnimationApp" */ = {
			isa = XCConfigurationList;
			buildConfigurations = (
				944E120A27E3C04800479252 /* Debug */,
				944E120B27E3C04800479252 /* Release */,
			);
			defaultConfigurationIsVisible = 0;
			defaultConfigurationName = Release;
		};
		944E120C27E3C04800479252 /* Build configuration list for PBXNativeTarget "AnimationApp" */ = {
			isa = XCConfigurationList;
			buildConfigurations = (
				944E120D27E3C04800479252 /* Debug */,
				944E120E27E3C04800479252 /* Release */,
			);
			defaultConfigurationIsVisible = 0;
			defaultConfigurationName = Release;
		};
		944E120F27E3C04800479252 /* Build configuration list for PBXNativeTarget "AnimationAppTests" */ = {
			isa = XCConfigurationList;
			buildConfigurations = (
				944E121027E3C04800479252 /* Debug */,
				944E121127E3C04800479252 /* Release */,
			);
			defaultConfigurationIsVisible = 0;
			defaultConfigurationName = Release;
		};
		944E121227E3C04800479252 /* Build configuration list for PBXNativeTarget "AnimationAppUITests" */ = {
			isa = XCConfigurationList;
			buildConfigurations = (
				944E121327E3C04800479252 /* Debug */,
				944E121427E3C04800479252 /* Release */,
			);
			defaultConfigurationIsVisible = 0;
			defaultConfigurationName = Release;
		};
/* End XCConfigurationList section */
	};
	rootObject = 944E11DA27E3C04600479252 /* Project object */;
}
